
Microsoft Visual Studio Solution File, Format Version 12.00
# Visual Studio Version 17
VisualStudioVersion = 17.0.31903.59
MinimumVisualStudioVersion = 10.0.40219.1
Project("{2150E333-8FDC-42A3-9474-1A3956D46DE8}") = "NetCoreExamples", "NetCoreExamples", "{5127E1E2-C4FB-4E83-91B6-9B15FC414E0E}"
EndProject
Project("{2150E333-8FDC-42A3-9474-1A3956D46DE8}") = "BestPractices", "BestPractices", "{9B9E49C0-314A-4FB2-AABB-4875149AD127}"
EndProject
Project("{2150E333-8FDC-42A3-9474-1A3956D46DE8}") = "Projects", "Projects", "{14FA2E28-0194-4BFE-A612-18C9354D70B4}"
EndProject
Project("{2150E333-8FDC-42A3-9474-1A3956D46DE8}") = "SOLID", "SOLID", "{DE9C0B1E-89C1-4410-8930-8DD9C10A6942}"
EndProject
Project("{2150E333-8FDC-42A3-9474-1A3956D46DE8}") = "Patterns", "Patterns", "{4AED9F9D-5115-48A3-BA22-33A7BA6CC63F}"
EndProject
Project("{9A19103F-16F7-4668-BE54-9A1E7A4F7556}") = "NetCoreExamples", "NetCoreExamples\ConsoleApp1\NetCoreExamples.csproj", "{39EFDCA5-3081-4EA1-B9FB-B662CDEC0A68}"
EndProject
Project("{9A19103F-16F7-4668-BE54-9A1E7A4F7556}") = "Principles.SRP.Refactor", "SOLID\1-UnaSolaRazon\refactor\Principles.SRP.Refactor\Principles.SRP.Refactor.csproj", "{37F837DE-A200-4A09-8446-E3593766E9F4}"
EndProject
Project("{2150E333-8FDC-42A3-9474-1A3956D46DE8}") = "SingleResponsability", "SingleResponsability", "{42167248-A1B9-41DA-93CC-71E55D06B0C2}"
	ProjectSection(SolutionItems) = preProject
		Product.cs = Product.cs
	EndProjectSection
EndProject
Project("{2150E333-8FDC-42A3-9474-1A3956D46DE8}") = "Symptom", "Symptom", "{795F3B72-C134-4C5A-A79E-81D19D99B9E3}"
EndProject
Project("{2150E333-8FDC-42A3-9474-1A3956D46DE8}") = "Refactor", "Refactor", "{1237A0F3-EE0F-4950-A09A-A8C640188EDA}"
EndProject
Global
	GlobalSection(SolutionConfigurationPlatforms) = preSolution
		Debug|Any CPU = Debug|Any CPU
		Release|Any CPU = Release|Any CPU
	EndGlobalSection
	GlobalSection(ProjectConfigurationPlatforms) = postSolution
		{39EFDCA5-3081-4EA1-B9FB-B662CDEC0A68}.Debug|Any CPU.ActiveCfg = Debug|Any CPU
		{39EFDCA5-3081-4EA1-B9FB-B662CDEC0A68}.Debug|Any CPU.Build.0 = Debug|Any CPU
		{39EFDCA5-3081-4EA1-B9FB-B662CDEC0A68}.Release|Any CPU.ActiveCfg = Release|Any CPU
		{39EFDCA5-3081-4EA1-B9FB-B662CDEC0A68}.Release|Any CPU.Build.0 = Release|Any CPU
		{37F837DE-A200-4A09-8446-E3593766E9F4}.Debug|Any CPU.ActiveCfg = Debug|Any CPU
		{37F837DE-A200-4A09-8446-E3593766E9F4}.Debug|Any CPU.Build.0 = Debug|Any CPU
		{37F837DE-A200-4A09-8446-E3593766E9F4}.Release|Any CPU.ActiveCfg = Release|Any CPU
		{37F837DE-A200-4A09-8446-E3593766E9F4}.Release|Any CPU.Build.0 = Release|Any CPU
	EndGlobalSection
	GlobalSection(SolutionProperties) = preSolution
		HideSolutionNode = FALSE
	EndGlobalSection
	GlobalSection(NestedProjects) = preSolution
		{DE9C0B1E-89C1-4410-8930-8DD9C10A6942} = {9B9E49C0-314A-4FB2-AABB-4875149AD127}
		{4AED9F9D-5115-48A3-BA22-33A7BA6CC63F} = {9B9E49C0-314A-4FB2-AABB-4875149AD127}
		{39EFDCA5-3081-4EA1-B9FB-B662CDEC0A68} = {5127E1E2-C4FB-4E83-91B6-9B15FC414E0E}
		{37F837DE-A200-4A09-8446-E3593766E9F4} = {DE9C0B1E-89C1-4410-8930-8DD9C10A6942}
		{42167248-A1B9-41DA-93CC-71E55D06B0C2} = {DE9C0B1E-89C1-4410-8930-8DD9C10A6942}
		{795F3B72-C134-4C5A-A79E-81D19D99B9E3} = {42167248-A1B9-41DA-93CC-71E55D06B0C2}
		{1237A0F3-EE0F-4950-A09A-A8C640188EDA} = {42167248-A1B9-41DA-93CC-71E55D06B0C2}
	EndGlobalSection
	GlobalSection(ExtensibilityGlobals) = postSolution
		SolutionGuid = {83F9BECE-7FA8-48CF-B7B4-EBB013837CAA}
	EndGlobalSection
EndGlobal
